{
  "name": "scrabble-scorer",
  "lockfileVersion": 2,
  "requires": true,
  "packages": {
    "": {
      "dependencies": {
        "dictionary-en-au": "^3.0.0"
      }
    },
    "node_modules/dictionary-en-au": {
      "version": "3.0.0",
      "resolved": "https://registry.npmjs.org/dictionary-en-au/-/dictionary-en-au-3.0.0.tgz",
      "integrity": "sha512-whC8mFW7Crmoe2wH7cbBJwF6SFy3PGaExgZ1tU3J+qCUQdzJ3gdcD/PAXeWBBwAlsPA/Su0GGDxqp7uRM5lDVg==",
      "funding": {
        "type": "github",
        "url": "https://github.com/sponsors/wooorm"
      }
    }
  },
  "dependencies": {
    "dictionary-en-au": {
      "version": "3.0.0",
      "resolved": "https://registry.npmjs.org/dictionary-en-au/-/dictionary-en-au-3.0.0.tgz",
      "integrity": "sha512-whC8mFW7Crmoe2wH7cbBJwF6SFy3PGaExgZ1tU3J+qCUQdzJ3gdcD/PAXeWBBwAlsPA/Su0GGDxqp7uRM5lDVg=="
    }
  }
}
